
Microsoft Visual Studio Solution File, Format Version 12.00
# Visual Studio Version 17
VisualStudioVersion = 17.7.34031.279
MinimumVisualStudioVersion = 10.0.40219.1
Project("{FAE04EC0-301F-11D3-BF4B-00C04F79EFBC}") = "lab9.Fomichev", "lab9.Fomichev\lab9.Fomichev.csproj", "{A7C3B715-E05B-4E60-9E6B-C2CEA9642852}"
EndProject
Global
	GlobalSection(SolutionConfigurationPlatforms) = preSolution
		Debug|Any CPU = Debug|Any CPU
		Release|Any CPU = Release|Any CPU
	EndGlobalSection
	GlobalSection(ProjectConfigurationPlatforms) = postSolution
		{A7C3B715-E05B-4E60-9E6B-C2CEA9642852}.Debug|Any CPU.ActiveCfg = Debug|Any CPU
		{A7C3B715-E05B-4E60-9E6B-C2CEA9642852}.Debug|Any CPU.Build.0 = Debug|Any CPU
		{A7C3B715-E05B-4E60-9E6B-C2CEA9642852}.Release|Any CPU.ActiveCfg = Release|Any CPU
		{A7C3B715-E05B-4E60-9E6B-C2CEA9642852}.Release|Any CPU.Build.0 = Release|Any CPU
	EndGlobalSection
	GlobalSection(SolutionProperties) = preSolution
		HideSolutionNode = FALSE
	EndGlobalSection
	GlobalSection(ExtensibilityGlobals) = postSolution
		SolutionGuid = {C09549C7-DCE0-4F66-B676-53C27AEB67C7}
	EndGlobalSection
EndGlobal
